// !$*UTF8*$!
{
	archiveVersion = 1;
	classes = {
	};
	objectVersion = 56;
	objects = {

/* Begin PBXBuildFile section */
		712BCF4F29047F9400A1AEA5 /* RootViewModel.swift in Sources */ = {isa = PBXBuildFile; fileRef = 712BCF4E29047F9400A1AEA5 /* RootViewModel.swift */; };
		712BCF512904800B00A1AEA5 /* RootViewModelOutput.swift in Sources */ = {isa = PBXBuildFile; fileRef = 712BCF502904800B00A1AEA5 /* RootViewModelOutput.swift */; };
		712BCF54290483FD00A1AEA5 /* LoginStorageService.swift in Sources */ = {isa = PBXBuildFile; fileRef = 712BCF53290483FD00A1AEA5 /* LoginStorageService.swift */; };
		712BCF562904846900A1AEA5 /* LoginStorageServiceImpl.swift in Sources */ = {isa = PBXBuildFile; fileRef = 712BCF552904846900A1AEA5 /* LoginStorageServiceImpl.swift */; };
		71C9052029033C4400267034 /* AppDelegate.swift in Sources */ = {isa = PBXBuildFile; fileRef = 71C9051F29033C4400267034 /* AppDelegate.swift */; };
		71C9052229033C4400267034 /* SceneDelegate.swift in Sources */ = {isa = PBXBuildFile; fileRef = 71C9052129033C4400267034 /* SceneDelegate.swift */; };
		71C9052429033C4400267034 /* RootViewController.swift in Sources */ = {isa = PBXBuildFile; fileRef = 71C9052329033C4400267034 /* RootViewController.swift */; };
		71C9052929033C4500267034 /* Assets.xcassets in Resources */ = {isa = PBXBuildFile; fileRef = 71C9052829033C4500267034 /* Assets.xcassets */; };
		71C9052C29033C4500267034 /* LaunchScreen.storyboard in Resources */ = {isa = PBXBuildFile; fileRef = 71C9052A29033C4500267034 /* LaunchScreen.storyboard */; };
		71C9053729033C4600267034 /* loginProtocolOrientedTests.swift in Sources */ = {isa = PBXBuildFile; fileRef = 71C9053629033C4600267034 /* loginProtocolOrientedTests.swift */; };
		71C9054129033C4600267034 /* loginProtocolOrientedUITests.swift in Sources */ = {isa = PBXBuildFile; fileRef = 71C9054029033C4600267034 /* loginProtocolOrientedUITests.swift */; };
		71C9054329033C4600267034 /* loginProtocolOrientedUITestsLaunchTests.swift in Sources */ = {isa = PBXBuildFile; fileRef = 71C9054229033C4600267034 /* loginProtocolOrientedUITestsLaunchTests.swift */; };
		71C9055129033D7F00267034 /* LoginViewController.swift in Sources */ = {isa = PBXBuildFile; fileRef = 71C9055029033D7F00267034 /* LoginViewController.swift */; };
		71C9055329033DB200267034 /* MainViewController.swift in Sources */ = {isa = PBXBuildFile; fileRef = 71C9055229033DB200267034 /* MainViewController.swift */; };
/* End PBXBuildFile section */

/* Begin PBXContainerItemProxy section */
		71C9053329033C4600267034 /* PBXContainerItemProxy */ = {
			isa = PBXContainerItemProxy;
			containerPortal = 71C9051429033C4400267034 /* Project object */;
			proxyType = 1;
			remoteGlobalIDString = 71C9051B29033C4400267034;
			remoteInfo = loginProtocolOriented;
		};
		71C9053D29033C4600267034 /* PBXContainerItemProxy */ = {
			isa = PBXContainerItemProxy;
			containerPortal = 71C9051429033C4400267034 /* Project object */;
			proxyType = 1;
			remoteGlobalIDString = 71C9051B29033C4400267034;
			remoteInfo = loginProtocolOriented;
		};
/* End PBXContainerItemProxy section */

/* Begin PBXFileReference section */
		712BCF4E29047F9400A1AEA5 /* RootViewModel.swift */ = {isa = PBXFileReference; lastKnownFileType = sourcecode.swift; path = RootViewModel.swift; sourceTree = "<group>"; };
		712BCF502904800B00A1AEA5 /* RootViewModelOutput.swift */ = {isa = PBXFileReference; lastKnownFileType = sourcecode.swift; path = RootViewModelOutput.swift; sourceTree = "<group>"; };
		712BCF53290483FD00A1AEA5 /* LoginStorageService.swift */ = {isa = PBXFileReference; lastKnownFileType = sourcecode.swift; path = LoginStorageService.swift; sourceTree = "<group>"; };
		712BCF552904846900A1AEA5 /* LoginStorageServiceImpl.swift */ = {isa = PBXFileReference; lastKnownFileType = sourcecode.swift; path = LoginStorageServiceImpl.swift; sourceTree = "<group>"; };
		71C9051C29033C4400267034 /* loginProtocolOriented.app */ = {isa = PBXFileReference; explicitFileType = wrapper.application; includeInIndex = 0; path = loginProtocolOriented.app; sourceTree = BUILT_PRODUCTS_DIR; };
		71C9051F29033C4400267034 /* AppDelegate.swift */ = {isa = PBXFileReference; lastKnownFileType = sourcecode.swift; path = AppDelegate.swift; sourceTree = "<group>"; };
		71C9052129033C4400267034 /* SceneDelegate.swift */ = {isa = PBXFileReference; lastKnownFileType = sourcecode.swift; path = SceneDelegate.swift; sourceTree = "<group>"; };
		71C9052329033C4400267034 /* RootViewController.swift */ = {isa = PBXFileReference; lastKnownFileType = sourcecode.swift; path = RootViewController.swift; sourceTree = "<group>"; };
		71C9052829033C4500267034 /* Assets.xcassets */ = {isa = PBXFileReference; lastKnownFileType = folder.assetcatalog; path = Assets.xcassets; sourceTree = "<group>"; };
		71C9052B29033C4500267034 /* Base */ = {isa = PBXFileReference; lastKnownFileType = file.storyboard; name = Base; path = Base.lproj/LaunchScreen.storyboard; sourceTree = "<group>"; };
		71C9052D29033C4500267034 /* Info.plist */ = {isa = PBXFileReference; lastKnownFileType = text.plist.xml; path = Info.plist; sourceTree = "<group>"; };
		71C9053229033C4600267034 /* loginProtocolOrientedTests.xctest */ = {isa = PBXFileReference; explicitFileType = wrapper.cfbundle; includeInIndex = 0; path = loginProtocolOrientedTests.xctest; sourceTree = BUILT_PRODUCTS_DIR; };
		71C9053629033C4600267034 /* loginProtocolOrientedTests.swift */ = {isa = PBXFileReference; lastKnownFileType = sourcecode.swift; path = loginProtocolOrientedTests.swift; sourceTree = "<group>"; };
		71C9053C29033C4600267034 /* loginProtocolOrientedUITests.xctest */ = {isa = PBXFileReference; explicitFileType = wrapper.cfbundle; includeInIndex = 0; path = loginProtocolOrientedUITests.xctest; sourceTree = BUILT_PRODUCTS_DIR; };
		71C9054029033C4600267034 /* loginProtocolOrientedUITests.swift */ = {isa = PBXFileReference; lastKnownFileType = sourcecode.swift; path = loginProtocolOrientedUITests.swift; sourceTree = "<group>"; };
		71C9054229033C4600267034 /* loginProtocolOrientedUITestsLaunchTests.swift */ = {isa = PBXFileReference; lastKnownFileType = sourcecode.swift; path = loginProtocolOrientedUITestsLaunchTests.swift; sourceTree = "<group>"; };
		71C9055029033D7F00267034 /* LoginViewController.swift */ = {isa = PBXFileReference; lastKnownFileType = sourcecode.swift; path = LoginViewController.swift; sourceTree = "<group>"; };
		71C9055229033DB200267034 /* MainViewController.swift */ = {isa = PBXFileReference; lastKnownFileType = sourcecode.swift; path = MainViewController.swift; sourceTree = "<group>"; };
/* End PBXFileReference section */

/* Begin PBXFrameworksBuildPhase section */
		71C9051929033C4400267034 /* Frameworks */ = {
			isa = PBXFrameworksBuildPhase;
			buildActionMask = 2147483647;
			files = (
			);
			runOnlyForDeploymentPostprocessing = 0;
		};
		71C9052F29033C4600267034 /* Frameworks */ = {
			isa = PBXFrameworksBuildPhase;
			buildActionMask = 2147483647;
			files = (
			);
			runOnlyForDeploymentPostprocessing = 0;
		};
		71C9053929033C4600267034 /* Frameworks */ = {
			isa = PBXFrameworksBuildPhase;
			buildActionMask = 2147483647;
			files = (
			);
			runOnlyForDeploymentPostprocessing = 0;
		};
/* End PBXFrameworksBuildPhase section */

/* Begin PBXGroup section */
		712BCF4D29047F7100A1AEA5 /* ViewModel */ = {
			isa = PBXGroup;
			children = (
				712BCF4E29047F9400A1AEA5 /* RootViewModel.swift */,
				712BCF502904800B00A1AEA5 /* RootViewModelOutput.swift */,
			);
			path = ViewModel;
			sourceTree = "<group>";
		};
		712BCF52290483EA00A1AEA5 /* Service */ = {
			isa = PBXGroup;
			children = (
				712BCF53290483FD00A1AEA5 /* LoginStorageService.swift */,
				712BCF552904846900A1AEA5 /* LoginStorageServiceImpl.swift */,
			);
			path = Service;
			sourceTree = "<group>";
		};
		71C9051329033C4400267034 = {
			isa = PBXGroup;
			children = (
				71C9051E29033C4400267034 /* loginProtocolOriented */,
				71C9053529033C4600267034 /* loginProtocolOrientedTests */,
				71C9053F29033C4600267034 /* loginProtocolOrientedUITests */,
				71C9051D29033C4400267034 /* Products */,
			);
			sourceTree = "<group>";
		};
		71C9051D29033C4400267034 /* Products */ = {
			isa = PBXGroup;
			children = (
				71C9051C29033C4400267034 /* loginProtocolOriented.app */,
				71C9053229033C4600267034 /* loginProtocolOrientedTests.xctest */,
				71C9053C29033C4600267034 /* loginProtocolOrientedUITests.xctest */,
			);
			name = Products;
			sourceTree = "<group>";
		};
		71C9051E29033C4400267034 /* loginProtocolOriented */ = {
			isa = PBXGroup;
			children = (
				712BCF52290483EA00A1AEA5 /* Service */,
				712BCF4D29047F7100A1AEA5 /* ViewModel */,
				71C9054F29033D6500267034 /* View */,
				71C9051F29033C4400267034 /* AppDelegate.swift */,
				71C9052129033C4400267034 /* SceneDelegate.swift */,
				71C9052829033C4500267034 /* Assets.xcassets */,
				71C9052A29033C4500267034 /* LaunchScreen.storyboard */,
				71C9052D29033C4500267034 /* Info.plist */,
			);
			path = loginProtocolOriented;
			sourceTree = "<group>";
		};
		71C9053529033C4600267034 /* loginProtocolOrientedTests */ = {
			isa = PBXGroup;
			children = (
				71C9053629033C4600267034 /* loginProtocolOrientedTests.swift */,
			);
			path = loginProtocolOrientedTests;
			sourceTree = "<group>";
		};
		71C9053F29033C4600267034 /* loginProtocolOrientedUITests */ = {
			isa = PBXGroup;
			children = (
				71C9054029033C4600267034 /* loginProtocolOrientedUITests.swift */,
				71C9054229033C4600267034 /* loginProtocolOrientedUITestsLaunchTests.swift */,
			);
			path = loginProtocolOrientedUITests;
			sourceTree = "<group>";
		};
		71C9054F29033D6500267034 /* View */ = {
			isa = PBXGroup;
			children = (
				71C9055029033D7F00267034 /* LoginViewController.swift */,
				71C9055229033DB200267034 /* MainViewController.swift */,
				71C9052329033C4400267034 /* RootViewController.swift */,
			);
			path = View;
			sourceTree = "<group>";
		};
/* End PBXGroup section */

/* Begin PBXNativeTarget section */
		71C9051B29033C4400267034 /* loginProtocolOriented */ = {
			isa = PBXNativeTarget;
			buildConfigurationList = 71C9054629033C4600267034 /* Build configuration list for PBXNativeTarget "loginProtocolOriented" */;
			buildPhases = (
				71C9051829033C4400267034 /* Sources */,
				71C9051929033C4400267034 /* Frameworks */,
				71C9051A29033C4400267034 /* Resources */,
			);
			buildRules = (
			);
			dependencies = (
			);
			name = loginProtocolOriented;
			productName = loginProtocolOriented;
			productReference = 71C9051C29033C4400267034 /* loginProtocolOriented.app */;
			productType = "com.apple.product-type.application";
		};
		71C9053129033C4600267034 /* loginProtocolOrientedTests */ = {
			isa = PBXNativeTarget;
			buildConfigurationList = 71C9054929033C4600267034 /* Build configuration list for PBXNativeTarget "loginProtocolOrientedTests" */;
			buildPhases = (
				71C9052E29033C4600267034 /* Sources */,
				71C9052F29033C4600267034 /* Frameworks */,
				71C9053029033C4600267034 /* Resources */,
			);
			buildRules = (
			);
			dependencies = (
				71C9053429033C4600267034 /* PBXTargetDependency */,
			);
			name = loginProtocolOrientedTests;
			productName = loginProtocolOrientedTests;
			productReference = 71C9053229033C4600267034 /* loginProtocolOrientedTests.xctest */;
			productType = "com.apple.product-type.bundle.unit-test";
		};
		71C9053B29033C4600267034 /* loginProtocolOrientedUITests */ = {
			isa = PBXNativeTarget;
			buildConfigurationList = 71C9054C29033C4600267034 /* Build configuration list for PBXNativeTarget "loginProtocolOrientedUITests" */;
			buildPhases = (
				71C9053829033C4600267034 /* Sources */,
				71C9053929033C4600267034 /* Frameworks */,
				71C9053A29033C4600267034 /* Resources */,
			);
			buildRules = (
			);
			dependencies = (
				71C9053E29033C4600267034 /* PBXTargetDependency */,
			);
			name = loginProtocolOrientedUITests;
			productName = loginProtocolOrientedUITests;
			productReference = 71C9053C29033C4600267034 /* loginProtocolOrientedUITests.xctest */;
			productType = "com.apple.product-type.bundle.ui-testing";
		};
/* End PBXNativeTarget section */

/* Begin PBXProject section */
		71C9051429033C4400267034 /* Project object */ = {
			isa = PBXProject;
			attributes = {
				BuildIndependentTargetsInParallel = 1;
				LastSwiftUpdateCheck = 1400;
				LastUpgradeCheck = 1400;
				TargetAttributes = {
					71C9051B29033C4400267034 = {
						CreatedOnToolsVersion = 14.0.1;
					};
					71C9053129033C4600267034 = {
						CreatedOnToolsVersion = 14.0.1;
						TestTargetID = 71C9051B29033C4400267034;
					};
					71C9053B29033C4600267034 = {
						CreatedOnToolsVersion = 14.0.1;
						TestTargetID = 71C9051B29033C4400267034;
					};
				};
			};
			buildConfigurationList = 71C9051729033C4400267034 /* Build configuration list for PBXProject "loginProtocolOriented" */;
			compatibilityVersion = "Xcode 14.0";
			developmentRegion = en;
			hasScannedForEncodings = 0;
			knownRegions = (
				en,
				Base,
			);
			mainGroup = 71C9051329033C4400267034;
			productRefGroup = 71C9051D29033C4400267034 /* Products */;
			projectDirPath = "";
			projectRoot = "";
			targets = (
				71C9051B29033C4400267034 /* loginProtocolOriented */,
				71C9053129033C4600267034 /* loginProtocolOrientedTests */,
				71C9053B29033C4600267034 /* loginProtocolOrientedUITests */,
			);
		};
/* End PBXProject section */

/* Begin PBXResourcesBuildPhase section */
		71C9051A29033C4400267034 /* Resources */ = {
			isa = PBXResourcesBuildPhase;
			buildActionMask = 2147483647;
			files = (
				71C9052C29033C4500267034 /* LaunchScreen.storyboard in Resources */,
				71C9052929033C4500267034 /* Assets.xcassets in Resources */,
			);
			runOnlyForDeploymentPostprocessing = 0;
		};
		71C9053029033C4600267034 /* Resources */ = {
			isa = PBXResourcesBuildPhase;
			buildActionMask = 2147483647;
			files = (
			);
			runOnlyForDeploymentPostprocessing = 0;
		};
		71C9053A29033C4600267034 /* Resources */ = {
			isa = PBXResourcesBuildPhase;
			buildActionMask = 2147483647;
			files = (
			);
			runOnlyForDeploymentPostprocessing = 0;
		};
/* End PBXResourcesBuildPhase section */

/* Begin PBXSourcesBuildPhase section */
		71C9051829033C4400267034 /* Sources */ = {
			isa = PBXSourcesBuildPhase;
			buildActionMask = 2147483647;
			files = (
				712BCF562904846900A1AEA5 /* LoginStorageServiceImpl.swift in Sources */,
				71C9055129033D7F00267034 /* LoginViewController.swift in Sources */,
				71C9052429033C4400267034 /* RootViewController.swift in Sources */,
				712BCF512904800B00A1AEA5 /* RootViewModelOutput.swift in Sources */,
				712BCF54290483FD00A1AEA5 /* LoginStorageService.swift in Sources */,
				71C9052029033C4400267034 /* AppDelegate.swift in Sources */,
				71C9052229033C4400267034 /* SceneDelegate.swift in Sources */,
				712BCF4F29047F9400A1AEA5 /* RootViewModel.swift in Sources */,
				71C9055329033DB200267034 /* MainViewController.swift in Sources */,
			);
			runOnlyForDeploymentPostprocessing = 0;
		};
		71C9052E29033C4600267034 /* Sources */ = {
			isa = PBXSourcesBuildPhase;
			buildActionMask = 2147483647;
			files = (
				71C9053729033C4600267034 /* loginProtocolOrientedTests.swift in Sources */,
			);
			runOnlyForDeploymentPostprocessing = 0;
		};
		71C9053829033C4600267034 /* Sources */ = {
			isa = PBXSourcesBuildPhase;
			buildActionMask = 2147483647;
			files = (
				71C9054329033C4600267034 /* loginProtocolOrientedUITestsLaunchTests.swift in Sources */,
				71C9054129033C4600267034 /* loginProtocolOrientedUITests.swift in Sources */,
			);
			runOnlyForDeploymentPostprocessing = 0;
		};
/* End PBXSourcesBuildPhase section */

/* Begin PBXTargetDependency section */
		71C9053429033C4600267034 /* PBXTargetDependency */ = {
			isa = PBXTargetDependency;
			target = 71C9051B29033C4400267034 /* loginProtocolOriented */;
			targetProxy = 71C9053329033C4600267034 /* PBXContainerItemProxy */;
		};
		71C9053E29033C4600267034 /* PBXTargetDependency */ = {
			isa = PBXTargetDependency;
			target = 71C9051B29033C4400267034 /* loginProtocolOriented */;
			targetProxy = 71C9053D29033C4600267034 /* PBXContainerItemProxy */;
		};
/* End PBXTargetDependency section */

/* Begin PBXVariantGroup section */
		71C9052A29033C4500267034 /* LaunchScreen.storyboard */ = {
			isa = PBXVariantGroup;
			children = (
				71C9052B29033C4500267034 /* Base */,
			);
			name = LaunchScreen.storyboard;
			sourceTree = "<group>";
		};
/* End PBXVariantGroup section */

/* Begin XCBuildConfiguration section */
		71C9054429033C4600267034 /* Debug */ = {
			isa = XCBuildConfiguration;
			buildSettings = {
				ALWAYS_SEARCH_USER_PATHS = NO;
				CLANG_ANALYZER_NONNULL = YES;
				CLANG_ANALYZER_NUMBER_OBJECT_CONVERSION = YES_AGGRESSIVE;
				CLANG_CXX_LANGUAGE_STANDARD = "gnu++20";
				CLANG_ENABLE_MODULES = YES;
				CLANG_ENABLE_OBJC_ARC = YES;
				CLANG_ENABLE_OBJC_WEAK = YES;
				CLANG_WARN_BLOCK_CAPTURE_AUTORELEASING = YES;
				CLANG_WARN_BOOL_CONVERSION = YES;
				CLANG_WARN_COMMA = YES;
				CLANG_WARN_CONSTANT_CONVERSION = YES;
				CLANG_WARN_DEPRECATED_OBJC_IMPLEMENTATIONS = YES;
				CLANG_WARN_DIRECT_OBJC_ISA_USAGE = YES_ERROR;
				CLANG_WARN_DOCUMENTATION_COMMENTS = YES;
				CLANG_WARN_EMPTY_BODY = YES;
				CLANG_WARN_ENUM_CONVERSION = YES;
				CLANG_WARN_INFINITE_RECURSION = YES;
				CLANG_WARN_INT_CONVERSION = YES;
				CLANG_WARN_NON_LITERAL_NULL_CONVERSION = YES;
				CLANG_WARN_OBJC_IMPLICIT_RETAIN_SELF = YES;
				CLANG_WARN_OBJC_LITERAL_CONVERSION = YES;
				CLANG_WARN_OBJC_ROOT_CLASS = YES_ERROR;
				CLANG_WARN_QUOTED_INCLUDE_IN_FRAMEWORK_HEADER = YES;
				CLANG_WARN_RANGE_LOOP_ANALYSIS = YES;
				CLANG_WARN_STRICT_PROTOTYPES = YES;
				CLANG_WARN_SUSPICIOUS_MOVE = YES;
				CLANG_WARN_UNGUARDED_AVAILABILITY = YES_AGGRESSIVE;
				CLANG_WARN_UNREACHABLE_CODE = YES;
				CLANG_WARN__DUPLICATE_METHOD_MATCH = YES;
				COPY_PHASE_STRIP = NO;
				DEBUG_INFORMATION_FORMAT = dwarf;
				ENABLE_STRICT_OBJC_MSGSEND = YES;
				ENABLE_TESTABILITY = YES;
				GCC_C_LANGUAGE_STANDARD = gnu11;
				GCC_DYNAMIC_NO_PIC = NO;
				GCC_NO_COMMON_BLOCKS = YES;
				GCC_OPTIMIZATION_LEVEL = 0;
				GCC_PREPROCESSOR_DEFINITIONS = (
					"DEBUG=1",
					"$(inherited)",
				);
				GCC_WARN_64_TO_32_BIT_CONVERSION = YES;
				GCC_WARN_ABOUT_RETURN_TYPE = YES_ERROR;
				GCC_WARN_UNDECLARED_SELECTOR = YES;
				GCC_WARN_UNINITIALIZED_AUTOS = YES_AGGRESSIVE;
				GCC_WARN_UNUSED_FUNCTION = YES;
				GCC_WARN_UNUSED_VARIABLE = YES;
				IPHONEOS_DEPLOYMENT_TARGET = 16.0;
				MTL_ENABLE_DEBUG_INFO = INCLUDE_SOURCE;
				MTL_FAST_MATH = YES;
				ONLY_ACTIVE_ARCH = YES;
				SDKROOT = iphoneos;
				SWIFT_ACTIVE_COMPILATION_CONDITIONS = DEBUG;
				SWIFT_OPTIMIZATION_LEVEL = "-Onone";
			};
			name = Debug;
		};
		71C9054529033C4600267034 /* Release */ = {
			isa = XCBuildConfiguration;
			buildSettings = {
				ALWAYS_SEARCH_USER_PATHS = NO;
				CLANG_ANALYZER_NONNULL = YES;
				CLANG_ANALYZER_NUMBER_OBJECT_CONVERSION = YES_AGGRESSIVE;
				CLANG_CXX_LANGUAGE_STANDARD = "gnu++20";
				CLANG_ENABLE_MODULES = YES;
				CLANG_ENABLE_OBJC_ARC = YES;
				CLANG_ENABLE_OBJC_WEAK = YES;
				CLANG_WARN_BLOCK_CAPTURE_AUTORELEASING = YES;
				CLANG_WARN_BOOL_CONVERSION = YES;
				CLANG_WARN_COMMA = YES;
				CLANG_WARN_CONSTANT_CONVERSION = YES;
				CLANG_WARN_DEPRECATED_OBJC_IMPLEMENTATIONS = YES;
				CLANG_WARN_DIRECT_OBJC_ISA_USAGE = YES_ERROR;
				CLANG_WARN_DOCUMENTATION_COMMENTS = YES;
				CLANG_WARN_EMPTY_BODY = YES;
				CLANG_WARN_ENUM_CONVERSION = YES;
				CLANG_WARN_INFINITE_RECURSION = YES;
				CLANG_WARN_INT_CONVERSION = YES;
				CLANG_WARN_NON_LITERAL_NULL_CONVERSION = YES;
				CLANG_WARN_OBJC_IMPLICIT_RETAIN_SELF = YES;
				CLANG_WARN_OBJC_LITERAL_CONVERSION = YES;
				CLANG_WARN_OBJC_ROOT_CLASS = YES_ERROR;
				CLANG_WARN_QUOTED_INCLUDE_IN_FRAMEWORK_HEADER = YES;
				CLANG_WARN_RANGE_LOOP_ANALYSIS = YES;
				CLANG_WARN_STRICT_PROTOTYPES = YES;
				CLANG_WARN_SUSPICIOUS_MOVE = YES;
				CLANG_WARN_UNGUARDED_AVAILABILITY = YES_AGGRESSIVE;
				CLANG_WARN_UNREACHABLE_CODE = YES;
				CLANG_WARN__DUPLICATE_METHOD_MATCH = YES;
				COPY_PHASE_STRIP = NO;
				DEBUG_INFORMATION_FORMAT = "dwarf-with-dsym";
				ENABLE_NS_ASSERTIONS = NO;
				ENABLE_STRICT_OBJC_MSGSEND = YES;
				GCC_C_LANGUAGE_STANDARD = gnu11;
				GCC_NO_COMMON_BLOCKS = YES;
				GCC_WARN_64_TO_32_BIT_CONVERSION = YES;
				GCC_WARN_ABOUT_RETURN_TYPE = YES_ERROR;
				GCC_WARN_UNDECLARED_SELECTOR = YES;
				GCC_WARN_UNINITIALIZED_AUTOS = YES_AGGRESSIVE;
				GCC_WARN_UNUSED_FUNCTION = YES;
				GCC_WARN_UNUSED_VARIABLE = YES;
				IPHONEOS_DEPLOYMENT_TARGET = 16.0;
				MTL_ENABLE_DEBUG_INFO = NO;
				MTL_FAST_MATH = YES;
				SDKROOT = iphoneos;
				SWIFT_COMPILATION_MODE = wholemodule;
				SWIFT_OPTIMIZATION_LEVEL = "-O";
				VALIDATE_PRODUCT = YES;
			};
			name = Release;
		};
		71C9054729033C4600267034 /* Debug */ = {
			isa = XCBuildConfiguration;
			buildSettings = {
				ASSETCATALOG_COMPILER_APPICON_NAME = AppIcon;
				ASSETCATALOG_COMPILER_GLOBAL_ACCENT_COLOR_NAME = AccentColor;
				CODE_SIGN_STYLE = Automatic;
				CURRENT_PROJECT_VERSION = 1;
				DEVELOPMENT_TEAM = R4U22JU8U3;
				GENERATE_INFOPLIST_FILE = YES;
				INFOPLIST_FILE = loginProtocolOriented/Info.plist;
				INFOPLIST_KEY_UIApplicationSupportsIndirectInputEvents = YES;
				INFOPLIST_KEY_UILaunchStoryboardName = LaunchScreen;
				INFOPLIST_KEY_UISupportedInterfaceOrientations_iPad = "UIInterfaceOrientationPortrait UIInterfaceOrientationPortraitUpsideDown UIInterfaceOrientationLandscapeLeft UIInterfaceOrientationLandscapeRight";
				INFOPLIST_KEY_UISupportedInterfaceOrientations_iPhone = "UIInterfaceOrientationPortrait UIInterfaceOrientationLandscapeLeft UIInterfaceOrientationLandscapeRight";
				LD_RUNPATH_SEARCH_PATHS = (
					"$(inherited)",
					"@executable_path/Frameworks",
				);
				MARKETING_VERSION = 1.0;
				PRODUCT_BUNDLE_IDENTIFIER = com.dejkoveci.loginProtocolOriented;
				PRODUCT_NAME = "$(TARGET_NAME)";
				SWIFT_EMIT_LOC_STRINGS = YES;
				SWIFT_VERSION = 5.0;
				TARGETED_DEVICE_FAMILY = "1,2";
			};
			name = Debug;
		};
		71C9054829033C4600267034 /* Release */ = {
			isa = XCBuildConfiguration;
			buildSettings = {
				ASSETCATALOG_COMPILER_APPICON_NAME = AppIcon;
				ASSETCATALOG_COMPILER_GLOBAL_ACCENT_COLOR_NAME = AccentColor;
				CODE_SIGN_STYLE = Automatic;
				CURRENT_PROJECT_VERSION = 1;
				DEVELOPMENT_TEAM = R4U22JU8U3;
				GENERATE_INFOPLIST_FILE = YES;
				INFOPLIST_FILE = loginProtocolOriented/Info.plist;
				INFOPLIST_KEY_UIApplicationSupportsIndirectInputEvents = YES;
				INFOPLIST_KEY_UILaunchStoryboardName = LaunchScreen;
				INFOPLIST_KEY_UISupportedInterfaceOrientations_iPad = "UIInterfaceOrientationPortrait UIInterfaceOrientationPortraitUpsideDown UIInterfaceOrientationLandscapeLeft UIInterfaceOrientationLandscapeRight";
				INFOPLIST_KEY_UISupportedInterfaceOrientations_iPhone = "UIInterfaceOrientationPortrait UIInterfaceOrientationLandscapeLeft UIInterfaceOrientationLandscapeRight";
				LD_RUNPATH_SEARCH_PATHS = (
					"$(inherited)",
					"@executable_path/Frameworks",
				);
				MARKETING_VERSION = 1.0;
				PRODUCT_BUNDLE_IDENTIFIER = com.dejkoveci.loginProtocolOriented;
				PRODUCT_NAME = "$(TARGET_NAME)";
				SWIFT_EMIT_LOC_STRINGS = YES;
				SWIFT_VERSION = 5.0;
				TARGETED_DEVICE_FAMILY = "1,2";
			};
			name = Release;
		};
		71C9054A29033C4600267034 /* Debug */ = {
			isa = XCBuildConfiguration;
			buildSettings = {
				ALWAYS_EMBED_SWIFT_STANDARD_LIBRARIES = YES;
				BUNDLE_LOADER = "$(TEST_HOST)";
				CODE_SIGN_STYLE = Automatic;
				CURRENT_PROJECT_VERSION = 1;
				DEVELOPMENT_TEAM = R4U22JU8U3;
				GENERATE_INFOPLIST_FILE = YES;
				IPHONEOS_DEPLOYMENT_TARGET = 16.0;
				MARKETING_VERSION = 1.0;
				PRODUCT_BUNDLE_IDENTIFIER = com.dejkoveci.loginProtocolOrientedTests;
				PRODUCT_NAME = "$(TARGET_NAME)";
				SWIFT_EMIT_LOC_STRINGS = NO;
				SWIFT_VERSION = 5.0;
				TARGETED_DEVICE_FAMILY = "1,2";
				TEST_HOST = "$(BUILT_PRODUCTS_DIR)/loginProtocolOriented.app/$(BUNDLE_EXECUTABLE_FOLDER_PATH)/loginProtocolOriented";
			};
			name = Debug;
		};
		71C9054B29033C4600267034 /* Release */ = {
			isa = XCBuildConfiguration;
			buildSettings = {
				ALWAYS_EMBED_SWIFT_STANDARD_LIBRARIES = YES;
				BUNDLE_LOADER = "$(TEST_HOST)";
				CODE_SIGN_STYLE = Automatic;
				CURRENT_PROJECT_VERSION = 1;
				DEVELOPMENT_TEAM = R4U22JU8U3;
				GENERATE_INFOPLIST_FILE = YES;
				IPHONEOS_DEPLOYMENT_TARGET = 16.0;
				MARKETING_VERSION = 1.0;
				PRODUCT_BUNDLE_IDENTIFIER = com.dejkoveci.loginProtocolOrientedTests;
				PRODUCT_NAME = "$(TARGET_NAME)";
				SWIFT_EMIT_LOC_STRINGS = NO;
				SWIFT_VERSION = 5.0;
				TARGETED_DEVICE_FAMILY = "1,2";
				TEST_HOST = "$(BUILT_PRODUCTS_DIR)/loginProtocolOriented.app/$(BUNDLE_EXECUTABLE_FOLDER_PATH)/loginProtocolOriented";
			};
			name = Release;
		};
		71C9054D29033C4600267034 /* Debug */ = {
			isa = XCBuildConfiguration;
			buildSettings = {
				ALWAYS_EMBED_SWIFT_STANDARD_LIBRARIES = YES;
				CODE_SIGN_STYLE = Automatic;
				CURRENT_PROJECT_VERSION = 1;
				DEVELOPMENT_TEAM = R4U22JU8U3;
				GENERATE_INFOPLIST_FILE = YES;
				MARKETING_VERSION = 1.0;
				PRODUCT_BUNDLE_IDENTIFIER = com.dejkoveci.loginProtocolOrientedUITests;
				PRODUCT_NAME = "$(TARGET_NAME)";
				SWIFT_EMIT_LOC_STRINGS = NO;
				SWIFT_VERSION = 5.0;
				TARGETED_DEVICE_FAMILY = "1,2";
				TEST_TARGET_NAME = loginProtocolOriented;
			};
			name = Debug;
		};
		71C9054E29033C4600267034 /* Release */ = {
			isa = XCBuildConfiguration;
			buildSettings = {
				ALWAYS_EMBED_SWIFT_STANDARD_LIBRARIES = YES;
				CODE_SIGN_STYLE = Automatic;
				CURRENT_PROJECT_VERSION = 1;
				DEVELOPMENT_TEAM = R4U22JU8U3;
				GENERATE_INFOPLIST_FILE = YES;
				MARKETING_VERSION = 1.0;
				PRODUCT_BUNDLE_IDENTIFIER = com.dejkoveci.loginProtocolOrientedUITests;
				PRODUCT_NAME = "$(TARGET_NAME)";
				SWIFT_EMIT_LOC_STRINGS = NO;
				SWIFT_VERSION = 5.0;
				TARGETED_DEVICE_FAMILY = "1,2";
				TEST_TARGET_NAME = loginProtocolOriented;
			};
			name = Release;
		};
/* End XCBuildConfiguration section */

/* Begin XCConfigurationList section */
		71C9051729033C4400267034 /* Build configuration list for PBXProject "loginProtocolOriented" */ = {
			isa = XCConfigurationList;
			buildConfigurations = (
				71C9054429033C4600267034 /* Debug */,
				71C9054529033C4600267034 /* Release */,
			);
			defaultConfigurationIsVisible = 0;
			defaultConfigurationName = Release;
		};
		71C9054629033C4600267034 /* Build configuration list for PBXNativeTarget "loginProtocolOriented" */ = {
			isa = XCConfigurationList;
			buildConfigurations = (
				71C9054729033C4600267034 /* Debug */,
				71C9054829033C4600267034 /* Release */,
			);
			defaultConfigurationIsVisible = 0;
			defaultConfigurationName = Release;
		};
		71C9054929033C4600267034 /* Build configuration list for PBXNativeTarget "loginProtocolOrientedTests" */ = {
			isa = XCConfigurationList;
			buildConfigurations = (
				71C9054A29033C4600267034 /* Debug */,
				71C9054B29033C4600267034 /* Release */,
			);
			defaultConfigurationIsVisible = 0;
			defaultConfigurationName = Release;
		};
		71C9054C29033C4600267034 /* Build configuration list for PBXNativeTarget "loginProtocolOrientedUITests" */ = {
			isa = XCConfigurationList;
			buildConfigurations = (
				71C9054D29033C4600267034 /* Debug */,
				71C9054E29033C4600267034 /* Release */,
			);
			defaultConfigurationIsVisible = 0;
			defaultConfigurationName = Release;
		};
/* End XCConfigurationList section */
	};
	rootObject = 71C9051429033C4400267034 /* Project object */;
}
