// !$*UTF8*$!
{
	archiveVersion = 1;
	classes = {
	};
	objectVersion = 55;
	objects = {

/* Begin PBXBuildFile section */
		71E0CA5A28A7174700D3DE98 /* AppDelegate.swift in Sources */ = {isa = PBXBuildFile; fileRef = 71E0CA5928A7174700D3DE98 /* AppDelegate.swift */; };
		71E0CA5C28A7174700D3DE98 /* SceneDelegate.swift in Sources */ = {isa = PBXBuildFile; fileRef = 71E0CA5B28A7174700D3DE98 /* SceneDelegate.swift */; };
		71E0CA5E28A7174700D3DE98 /* ViewController.swift in Sources */ = {isa = PBXBuildFile; fileRef = 71E0CA5D28A7174700D3DE98 /* ViewController.swift */; };
		71E0CA6128A7174700D3DE98 /* Main.storyboard in Resources */ = {isa = PBXBuildFile; fileRef = 71E0CA5F28A7174700D3DE98 /* Main.storyboard */; };
		71E0CA6328A7174800D3DE98 /* Assets.xcassets in Resources */ = {isa = PBXBuildFile; fileRef = 71E0CA6228A7174800D3DE98 /* Assets.xcassets */; };
		71E0CA6628A7174800D3DE98 /* LaunchScreen.storyboard in Resources */ = {isa = PBXBuildFile; fileRef = 71E0CA6428A7174800D3DE98 /* LaunchScreen.storyboard */; };
		71E0CA6E28A7182900D3DE98 /* DetailsViewController.swift in Sources */ = {isa = PBXBuildFile; fileRef = 71E0CA6D28A7182900D3DE98 /* DetailsViewController.swift */; };
		71E0CA7028A71BB600D3DE98 /* charDetails.swift in Sources */ = {isa = PBXBuildFile; fileRef = 71E0CA6F28A71BB600D3DE98 /* charDetails.swift */; };
/* End PBXBuildFile section */

/* Begin PBXFileReference section */
		71E0CA5628A7174700D3DE98 /* Tom&JerryBook.app */ = {isa = PBXFileReference; explicitFileType = wrapper.application; includeInIndex = 0; path = "Tom&JerryBook.app"; sourceTree = BUILT_PRODUCTS_DIR; };
		71E0CA5928A7174700D3DE98 /* AppDelegate.swift */ = {isa = PBXFileReference; lastKnownFileType = sourcecode.swift; path = AppDelegate.swift; sourceTree = "<group>"; };
		71E0CA5B28A7174700D3DE98 /* SceneDelegate.swift */ = {isa = PBXFileReference; lastKnownFileType = sourcecode.swift; path = SceneDelegate.swift; sourceTree = "<group>"; };
		71E0CA5D28A7174700D3DE98 /* ViewController.swift */ = {isa = PBXFileReference; lastKnownFileType = sourcecode.swift; path = ViewController.swift; sourceTree = "<group>"; };
		71E0CA6028A7174700D3DE98 /* Base */ = {isa = PBXFileReference; lastKnownFileType = file.storyboard; name = Base; path = Base.lproj/Main.storyboard; sourceTree = "<group>"; };
		71E0CA6228A7174800D3DE98 /* Assets.xcassets */ = {isa = PBXFileReference; lastKnownFileType = folder.assetcatalog; path = Assets.xcassets; sourceTree = "<group>"; };
		71E0CA6528A7174800D3DE98 /* Base */ = {isa = PBXFileReference; lastKnownFileType = file.storyboard; name = Base; path = Base.lproj/LaunchScreen.storyboard; sourceTree = "<group>"; };
		71E0CA6728A7174800D3DE98 /* Info.plist */ = {isa = PBXFileReference; lastKnownFileType = text.plist.xml; path = Info.plist; sourceTree = "<group>"; };
		71E0CA6D28A7182900D3DE98 /* DetailsViewController.swift */ = {isa = PBXFileReference; lastKnownFileType = sourcecode.swift; path = DetailsViewController.swift; sourceTree = "<group>"; };
		71E0CA6F28A71BB600D3DE98 /* charDetails.swift */ = {isa = PBXFileReference; lastKnownFileType = sourcecode.swift; path = charDetails.swift; sourceTree = "<group>"; };
/* End PBXFileReference section */

/* Begin PBXFrameworksBuildPhase section */
		71E0CA5328A7174700D3DE98 /* Frameworks */ = {
			isa = PBXFrameworksBuildPhase;
			buildActionMask = 2147483647;
			files = (
			);
			runOnlyForDeploymentPostprocessing = 0;
		};
/* End PBXFrameworksBuildPhase section */

/* Begin PBXGroup section */
		71E0CA4D28A7174700D3DE98 = {
			isa = PBXGroup;
			children = (
				71E0CA5828A7174700D3DE98 /* Tom&JerryBook */,
				71E0CA5728A7174700D3DE98 /* Products */,
			);
			sourceTree = "<group>";
		};
		71E0CA5728A7174700D3DE98 /* Products */ = {
			isa = PBXGroup;
			children = (
				71E0CA5628A7174700D3DE98 /* Tom&JerryBook.app */,
			);
			name = Products;
			sourceTree = "<group>";
		};
		71E0CA5828A7174700D3DE98 /* Tom&JerryBook */ = {
			isa = PBXGroup;
			children = (
				71E0CA5928A7174700D3DE98 /* AppDelegate.swift */,
				71E0CA5B28A7174700D3DE98 /* SceneDelegate.swift */,
				71E0CA5D28A7174700D3DE98 /* ViewController.swift */,
				71E0CA6D28A7182900D3DE98 /* DetailsViewController.swift */,
				71E0CA5F28A7174700D3DE98 /* Main.storyboard */,
				71E0CA6228A7174800D3DE98 /* Assets.xcassets */,
				71E0CA6428A7174800D3DE98 /* LaunchScreen.storyboard */,
				71E0CA6728A7174800D3DE98 /* Info.plist */,
				71E0CA6F28A71BB600D3DE98 /* charDetails.swift */,
			);
			path = "Tom&JerryBook";
			sourceTree = "<group>";
		};
/* End PBXGroup section */

/* Begin PBXNativeTarget section */
		71E0CA5528A7174700D3DE98 /* Tom&JerryBook */ = {
			isa = PBXNativeTarget;
			buildConfigurationList = 71E0CA6A28A7174800D3DE98 /* Build configuration list for PBXNativeTarget "Tom&JerryBook" */;
			buildPhases = (
				71E0CA5228A7174700D3DE98 /* Sources */,
				71E0CA5328A7174700D3DE98 /* Frameworks */,
				71E0CA5428A7174700D3DE98 /* Resources */,
			);
			buildRules = (
			);
			dependencies = (
			);
			name = "Tom&JerryBook";
			productName = "Tom&JerryBook";
			productReference = 71E0CA5628A7174700D3DE98 /* Tom&JerryBook.app */;
			productType = "com.apple.product-type.application";
		};
/* End PBXNativeTarget section */

/* Begin PBXProject section */
		71E0CA4E28A7174700D3DE98 /* Project object */ = {
			isa = PBXProject;
			attributes = {
				BuildIndependentTargetsInParallel = 1;
				LastSwiftUpdateCheck = 1340;
				LastUpgradeCheck = 1340;
				TargetAttributes = {
					71E0CA5528A7174700D3DE98 = {
						CreatedOnToolsVersion = 13.4.1;
					};
				};
			};
			buildConfigurationList = 71E0CA5128A7174700D3DE98 /* Build configuration list for PBXProject "Tom&JerryBook" */;
			compatibilityVersion = "Xcode 13.0";
			developmentRegion = en;
			hasScannedForEncodings = 0;
			knownRegions = (
				en,
				Base,
			);
			mainGroup = 71E0CA4D28A7174700D3DE98;
			productRefGroup = 71E0CA5728A7174700D3DE98 /* Products */;
			projectDirPath = "";
			projectRoot = "";
			targets = (
				71E0CA5528A7174700D3DE98 /* Tom&JerryBook */,
			);
		};
/* End PBXProject section */

/* Begin PBXResourcesBuildPhase section */
		71E0CA5428A7174700D3DE98 /* Resources */ = {
			isa = PBXResourcesBuildPhase;
			buildActionMask = 2147483647;
			files = (
				71E0CA6628A7174800D3DE98 /* LaunchScreen.storyboard in Resources */,
				71E0CA6328A7174800D3DE98 /* Assets.xcassets in Resources */,
				71E0CA6128A7174700D3DE98 /* Main.storyboard in Resources */,
			);
			runOnlyForDeploymentPostprocessing = 0;
		};
/* End PBXResourcesBuildPhase section */

/* Begin PBXSourcesBuildPhase section */
		71E0CA5228A7174700D3DE98 /* Sources */ = {
			isa = PBXSourcesBuildPhase;
			buildActionMask = 2147483647;
			files = (
				71E0CA5E28A7174700D3DE98 /* ViewController.swift in Sources */,
				71E0CA5A28A7174700D3DE98 /* AppDelegate.swift in Sources */,
				71E0CA7028A71BB600D3DE98 /* charDetails.swift in Sources */,
				71E0CA5C28A7174700D3DE98 /* SceneDelegate.swift in Sources */,
				71E0CA6E28A7182900D3DE98 /* DetailsViewController.swift in Sources */,
			);
			runOnlyForDeploymentPostprocessing = 0;
		};
/* End PBXSourcesBuildPhase section */

/* Begin PBXVariantGroup section */
		71E0CA5F28A7174700D3DE98 /* Main.storyboard */ = {
			isa = PBXVariantGroup;
			children = (
				71E0CA6028A7174700D3DE98 /* Base */,
			);
			name = Main.storyboard;
			sourceTree = "<group>";
		};
		71E0CA6428A7174800D3DE98 /* LaunchScreen.storyboard */ = {
			isa = PBXVariantGroup;
			children = (
				71E0CA6528A7174800D3DE98 /* Base */,
			);
			name = LaunchScreen.storyboard;
			sourceTree = "<group>";
		};
/* End PBXVariantGroup section */

/* Begin XCBuildConfiguration section */
		71E0CA6828A7174800D3DE98 /* Debug */ = {
			isa = XCBuildConfiguration;
			buildSettings = {
				ALWAYS_SEARCH_USER_PATHS = NO;
				CLANG_ANALYZER_NONNULL = YES;
				CLANG_ANALYZER_NUMBER_OBJECT_CONVERSION = YES_AGGRESSIVE;
				CLANG_CXX_LANGUAGE_STANDARD = "gnu++17";
				CLANG_ENABLE_MODULES = YES;
				CLANG_ENABLE_OBJC_ARC = YES;
				CLANG_ENABLE_OBJC_WEAK = YES;
				CLANG_WARN_BLOCK_CAPTURE_AUTORELEASING = YES;
				CLANG_WARN_BOOL_CONVERSION = YES;
				CLANG_WARN_COMMA = YES;
				CLANG_WARN_CONSTANT_CONVERSION = YES;
				CLANG_WARN_DEPRECATED_OBJC_IMPLEMENTATIONS = YES;
				CLANG_WARN_DIRECT_OBJC_ISA_USAGE = YES_ERROR;
				CLANG_WARN_DOCUMENTATION_COMMENTS = YES;
				CLANG_WARN_EMPTY_BODY = YES;
				CLANG_WARN_ENUM_CONVERSION = YES;
				CLANG_WARN_INFINITE_RECURSION = YES;
				CLANG_WARN_INT_CONVERSION = YES;
				CLANG_WARN_NON_LITERAL_NULL_CONVERSION = YES;
				CLANG_WARN_OBJC_IMPLICIT_RETAIN_SELF = YES;
				CLANG_WARN_OBJC_LITERAL_CONVERSION = YES;
				CLANG_WARN_OBJC_ROOT_CLASS = YES_ERROR;
				CLANG_WARN_QUOTED_INCLUDE_IN_FRAMEWORK_HEADER = YES;
				CLANG_WARN_RANGE_LOOP_ANALYSIS = YES;
				CLANG_WARN_STRICT_PROTOTYPES = YES;
				CLANG_WARN_SUSPICIOUS_MOVE = YES;
				CLANG_WARN_UNGUARDED_AVAILABILITY = YES_AGGRESSIVE;
				CLANG_WARN_UNREACHABLE_CODE = YES;
				CLANG_WARN__DUPLICATE_METHOD_MATCH = YES;
				COPY_PHASE_STRIP = NO;
				DEBUG_INFORMATION_FORMAT = dwarf;
				ENABLE_STRICT_OBJC_MSGSEND = YES;
				ENABLE_TESTABILITY = YES;
				GCC_C_LANGUAGE_STANDARD = gnu11;
				GCC_DYNAMIC_NO_PIC = NO;
				GCC_NO_COMMON_BLOCKS = YES;
				GCC_OPTIMIZATION_LEVEL = 0;
				GCC_PREPROCESSOR_DEFINITIONS = (
					"DEBUG=1",
					"$(inherited)",
				);
				GCC_WARN_64_TO_32_BIT_CONVERSION = YES;
				GCC_WARN_ABOUT_RETURN_TYPE = YES_ERROR;
				GCC_WARN_UNDECLARED_SELECTOR = YES;
				GCC_WARN_UNINITIALIZED_AUTOS = YES_AGGRESSIVE;
				GCC_WARN_UNUSED_FUNCTION = YES;
				GCC_WARN_UNUSED_VARIABLE = YES;
				IPHONEOS_DEPLOYMENT_TARGET = 15.5;
				MTL_ENABLE_DEBUG_INFO = INCLUDE_SOURCE;
				MTL_FAST_MATH = YES;
				ONLY_ACTIVE_ARCH = YES;
				SDKROOT = iphoneos;
				SWIFT_ACTIVE_COMPILATION_CONDITIONS = DEBUG;
				SWIFT_OPTIMIZATION_LEVEL = "-Onone";
			};
			name = Debug;
		};
		71E0CA6928A7174800D3DE98 /* Release */ = {
			isa = XCBuildConfiguration;
			buildSettings = {
				ALWAYS_SEARCH_USER_PATHS = NO;
				CLANG_ANALYZER_NONNULL = YES;
				CLANG_ANALYZER_NUMBER_OBJECT_CONVERSION = YES_AGGRESSIVE;
				CLANG_CXX_LANGUAGE_STANDARD = "gnu++17";
				CLANG_ENABLE_MODULES = YES;
				CLANG_ENABLE_OBJC_ARC = YES;
				CLANG_ENABLE_OBJC_WEAK = YES;
				CLANG_WARN_BLOCK_CAPTURE_AUTORELEASING = YES;
				CLANG_WARN_BOOL_CONVERSION = YES;
				CLANG_WARN_COMMA = YES;
				CLANG_WARN_CONSTANT_CONVERSION = YES;
				CLANG_WARN_DEPRECATED_OBJC_IMPLEMENTATIONS = YES;
				CLANG_WARN_DIRECT_OBJC_ISA_USAGE = YES_ERROR;
				CLANG_WARN_DOCUMENTATION_COMMENTS = YES;
				CLANG_WARN_EMPTY_BODY = YES;
				CLANG_WARN_ENUM_CONVERSION = YES;
				CLANG_WARN_INFINITE_RECURSION = YES;
				CLANG_WARN_INT_CONVERSION = YES;
				CLANG_WARN_NON_LITERAL_NULL_CONVERSION = YES;
				CLANG_WARN_OBJC_IMPLICIT_RETAIN_SELF = YES;
				CLANG_WARN_OBJC_LITERAL_CONVERSION = YES;
				CLANG_WARN_OBJC_ROOT_CLASS = YES_ERROR;
				CLANG_WARN_QUOTED_INCLUDE_IN_FRAMEWORK_HEADER = YES;
				CLANG_WARN_RANGE_LOOP_ANALYSIS = YES;
				CLANG_WARN_STRICT_PROTOTYPES = YES;
				CLANG_WARN_SUSPICIOUS_MOVE = YES;
				CLANG_WARN_UNGUARDED_AVAILABILITY = YES_AGGRESSIVE;
				CLANG_WARN_UNREACHABLE_CODE = YES;
				CLANG_WARN__DUPLICATE_METHOD_MATCH = YES;
				COPY_PHASE_STRIP = NO;
				DEBUG_INFORMATION_FORMAT = "dwarf-with-dsym";
				ENABLE_NS_ASSERTIONS = NO;
				ENABLE_STRICT_OBJC_MSGSEND = YES;
				GCC_C_LANGUAGE_STANDARD = gnu11;
				GCC_NO_COMMON_BLOCKS = YES;
				GCC_WARN_64_TO_32_BIT_CONVERSION = YES;
				GCC_WARN_ABOUT_RETURN_TYPE = YES_ERROR;
				GCC_WARN_UNDECLARED_SELECTOR = YES;
				GCC_WARN_UNINITIALIZED_AUTOS = YES_AGGRESSIVE;
				GCC_WARN_UNUSED_FUNCTION = YES;
				GCC_WARN_UNUSED_VARIABLE = YES;
				IPHONEOS_DEPLOYMENT_TARGET = 15.5;
				MTL_ENABLE_DEBUG_INFO = NO;
				MTL_FAST_MATH = YES;
				SDKROOT = iphoneos;
				SWIFT_COMPILATION_MODE = wholemodule;
				SWIFT_OPTIMIZATION_LEVEL = "-O";
				VALIDATE_PRODUCT = YES;
			};
			name = Release;
		};
		71E0CA6B28A7174800D3DE98 /* Debug */ = {
			isa = XCBuildConfiguration;
			buildSettings = {
				ASSETCATALOG_COMPILER_APPICON_NAME = AppIcon;
				ASSETCATALOG_COMPILER_GLOBAL_ACCENT_COLOR_NAME = AccentColor;
				CODE_SIGN_STYLE = Automatic;
				CURRENT_PROJECT_VERSION = 1;
				DEVELOPMENT_TEAM = R4U22JU8U3;
				GENERATE_INFOPLIST_FILE = YES;
				INFOPLIST_FILE = "Tom&JerryBook/Info.plist";
				INFOPLIST_KEY_UIApplicationSupportsIndirectInputEvents = YES;
				INFOPLIST_KEY_UILaunchStoryboardName = LaunchScreen;
				INFOPLIST_KEY_UIMainStoryboardFile = Main;
				INFOPLIST_KEY_UISupportedInterfaceOrientations_iPad = "UIInterfaceOrientationPortrait UIInterfaceOrientationPortraitUpsideDown UIInterfaceOrientationLandscapeLeft UIInterfaceOrientationLandscapeRight";
				INFOPLIST_KEY_UISupportedInterfaceOrientations_iPhone = "UIInterfaceOrientationPortrait UIInterfaceOrientationLandscapeLeft UIInterfaceOrientationLandscapeRight";
				LD_RUNPATH_SEARCH_PATHS = (
					"$(inherited)",
					"@executable_path/Frameworks",
				);
				MARKETING_VERSION = 1.0;
				PRODUCT_BUNDLE_IDENTIFIER = "com.dejkoveci.Tom-JerryBook";
				PRODUCT_NAME = "$(TARGET_NAME)";
				SWIFT_EMIT_LOC_STRINGS = YES;
				SWIFT_VERSION = 5.0;
				TARGETED_DEVICE_FAMILY = "1,2";
			};
			name = Debug;
		};
		71E0CA6C28A7174800D3DE98 /* Release */ = {
			isa = XCBuildConfiguration;
			buildSettings = {
				ASSETCATALOG_COMPILER_APPICON_NAME = AppIcon;
				ASSETCATALOG_COMPILER_GLOBAL_ACCENT_COLOR_NAME = AccentColor;
				CODE_SIGN_STYLE = Automatic;
				CURRENT_PROJECT_VERSION = 1;
				DEVELOPMENT_TEAM = R4U22JU8U3;
				GENERATE_INFOPLIST_FILE = YES;
				INFOPLIST_FILE = "Tom&JerryBook/Info.plist";
				INFOPLIST_KEY_UIApplicationSupportsIndirectInputEvents = YES;
				INFOPLIST_KEY_UILaunchStoryboardName = LaunchScreen;
				INFOPLIST_KEY_UIMainStoryboardFile = Main;
				INFOPLIST_KEY_UISupportedInterfaceOrientations_iPad = "UIInterfaceOrientationPortrait UIInterfaceOrientationPortraitUpsideDown UIInterfaceOrientationLandscapeLeft UIInterfaceOrientationLandscapeRight";
				INFOPLIST_KEY_UISupportedInterfaceOrientations_iPhone = "UIInterfaceOrientationPortrait UIInterfaceOrientationLandscapeLeft UIInterfaceOrientationLandscapeRight";
				LD_RUNPATH_SEARCH_PATHS = (
					"$(inherited)",
					"@executable_path/Frameworks",
				);
				MARKETING_VERSION = 1.0;
				PRODUCT_BUNDLE_IDENTIFIER = "com.dejkoveci.Tom-JerryBook";
				PRODUCT_NAME = "$(TARGET_NAME)";
				SWIFT_EMIT_LOC_STRINGS = YES;
				SWIFT_VERSION = 5.0;
				TARGETED_DEVICE_FAMILY = "1,2";
			};
			name = Release;
		};
/* End XCBuildConfiguration section */

/* Begin XCConfigurationList section */
		71E0CA5128A7174700D3DE98 /* Build configuration list for PBXProject "Tom&JerryBook" */ = {
			isa = XCConfigurationList;
			buildConfigurations = (
				71E0CA6828A7174800D3DE98 /* Debug */,
				71E0CA6928A7174800D3DE98 /* Release */,
			);
			defaultConfigurationIsVisible = 0;
			defaultConfigurationName = Release;
		};
		71E0CA6A28A7174800D3DE98 /* Build configuration list for PBXNativeTarget "Tom&JerryBook" */ = {
			isa = XCConfigurationList;
			buildConfigurations = (
				71E0CA6B28A7174800D3DE98 /* Debug */,
				71E0CA6C28A7174800D3DE98 /* Release */,
			);
			defaultConfigurationIsVisible = 0;
			defaultConfigurationName = Release;
		};
/* End XCConfigurationList section */
	};
	rootObject = 71E0CA4E28A7174700D3DE98 /* Project object */;
}
